
Microsoft Visual Studio Solution File, Format Version 11.00
# Visual Studio 2010
Project("{FAE04EC0-301F-11D3-BF4B-00C04F79EFBC}") = "GSMMODEMTest", "GSMMODEMTest\GSMMODEMTest.csproj", "{E6CA0D77-AA90-44F4-8798-1634A16617DB}"
EndProject
Project("{FAE04EC0-301F-11D3-BF4B-00C04F79EFBC}") = "GSMMODEM", "..\src\GSMMODEM\GSMMODEM.csproj", "{FB9F3FF1-0B65-4FF7-AFBA-4DC918FCDDE4}"
EndProject
Project("{FAE04EC0-301F-11D3-BF4B-00C04F79EFBC}") = "Sample", "..\Samples\Sample\Sample.csproj", "{64CD03FF-30E6-4AF8-B068-2809C1898EF3}"
EndProject
Global
	GlobalSection(SolutionConfigurationPlatforms) = preSolution
		Debug|Any CPU = Debug|Any CPU
		Debug|Mixed Platforms = Debug|Mixed Platforms
		Debug|x86 = Debug|x86
		Release|Any CPU = Release|Any CPU
		Release|Mixed Platforms = Release|Mixed Platforms
		Release|x86 = Release|x86
	EndGlobalSection
	GlobalSection(ProjectConfigurationPlatforms) = postSolution
		{E6CA0D77-AA90-44F4-8798-1634A16617DB}.Debug|Any CPU.ActiveCfg = Debug|Any CPU
		{E6CA0D77-AA90-44F4-8798-1634A16617DB}.Debug|Any CPU.Build.0 = Debug|Any CPU
		{E6CA0D77-AA90-44F4-8798-1634A16617DB}.Debug|Mixed Platforms.ActiveCfg = Debug|Any CPU
		{E6CA0D77-AA90-44F4-8798-1634A16617DB}.Debug|Mixed Platforms.Build.0 = Debug|Any CPU
		{E6CA0D77-AA90-44F4-8798-1634A16617DB}.Debug|x86.ActiveCfg = Debug|Any CPU
		{E6CA0D77-AA90-44F4-8798-1634A16617DB}.Release|Any CPU.ActiveCfg = Release|Any CPU
		{E6CA0D77-AA90-44F4-8798-1634A16617DB}.Release|Any CPU.Build.0 = Release|Any CPU
		{E6CA0D77-AA90-44F4-8798-1634A16617DB}.Release|Mixed Platforms.ActiveCfg = Release|Any CPU
		{E6CA0D77-AA90-44F4-8798-1634A16617DB}.Release|Mixed Platforms.Build.0 = Release|Any CPU
		{E6CA0D77-AA90-44F4-8798-1634A16617DB}.Release|x86.ActiveCfg = Release|Any CPU
		{FB9F3FF1-0B65-4FF7-AFBA-4DC918FCDDE4}.Debug|Any CPU.ActiveCfg = Debug|Any CPU
		{FB9F3FF1-0B65-4FF7-AFBA-4DC918FCDDE4}.Debug|Any CPU.Build.0 = Debug|Any CPU
		{FB9F3FF1-0B65-4FF7-AFBA-4DC918FCDDE4}.Debug|Mixed Platforms.ActiveCfg = Debug|Any CPU
		{FB9F3FF1-0B65-4FF7-AFBA-4DC918FCDDE4}.Debug|Mixed Platforms.Build.0 = Debug|Any CPU
		{FB9F3FF1-0B65-4FF7-AFBA-4DC918FCDDE4}.Debug|x86.ActiveCfg = Debug|Any CPU
		{FB9F3FF1-0B65-4FF7-AFBA-4DC918FCDDE4}.Release|Any CPU.ActiveCfg = Release|Any CPU
		{FB9F3FF1-0B65-4FF7-AFBA-4DC918FCDDE4}.Release|Any CPU.Build.0 = Release|Any CPU
		{FB9F3FF1-0B65-4FF7-AFBA-4DC918FCDDE4}.Release|Mixed Platforms.ActiveCfg = Release|Any CPU
		{FB9F3FF1-0B65-4FF7-AFBA-4DC918FCDDE4}.Release|Mixed Platforms.Build.0 = Release|Any CPU
		{FB9F3FF1-0B65-4FF7-AFBA-4DC918FCDDE4}.Release|x86.ActiveCfg = Release|Any CPU
		{64CD03FF-30E6-4AF8-B068-2809C1898EF3}.Debug|Any CPU.ActiveCfg = Debug|x86
		{64CD03FF-30E6-4AF8-B068-2809C1898EF3}.Debug|Mixed Platforms.ActiveCfg = Debug|x86
		{64CD03FF-30E6-4AF8-B068-2809C1898EF3}.Debug|Mixed Platforms.Build.0 = Debug|x86
		{64CD03FF-30E6-4AF8-B068-2809C1898EF3}.Debug|x86.ActiveCfg = Debug|x86
		{64CD03FF-30E6-4AF8-B068-2809C1898EF3}.Debug|x86.Build.0 = Debug|x86
		{64CD03FF-30E6-4AF8-B068-2809C1898EF3}.Release|Any CPU.ActiveCfg = Release|x86
		{64CD03FF-30E6-4AF8-B068-2809C1898EF3}.Release|Mixed Platforms.ActiveCfg = Release|x86
		{64CD03FF-30E6-4AF8-B068-2809C1898EF3}.Release|Mixed Platforms.Build.0 = Release|x86
		{64CD03FF-30E6-4AF8-B068-2809C1898EF3}.Release|x86.ActiveCfg = Release|x86
		{64CD03FF-30E6-4AF8-B068-2809C1898EF3}.Release|x86.Build.0 = Release|x86
	EndGlobalSection
	GlobalSection(SolutionProperties) = preSolution
		HideSolutionNode = FALSE
	EndGlobalSection
EndGlobal
